// !$*UTF8*$!
{
	archiveVersion = 1;
	classes = {
	};
	objectVersion = 46;
	objects = {

/* Begin PBXBuildFile section */
		264F6AEC1DD1987600A78B76 /* AppDelegate.swift in Sources */ = {isa = PBXBuildFile; fileRef = 264F6AEB1DD1987600A78B76 /* AppDelegate.swift */; };
		264F6AF11DD1987600A78B76 /* Main.storyboard in Resources */ = {isa = PBXBuildFile; fileRef = 264F6AEF1DD1987600A78B76 /* Main.storyboard */; };
		264F6AF31DD1987600A78B76 /* Assets.xcassets in Resources */ = {isa = PBXBuildFile; fileRef = 264F6AF21DD1987600A78B76 /* Assets.xcassets */; };
		264F6AF61DD1987600A78B76 /* LaunchScreen.storyboard in Resources */ = {isa = PBXBuildFile; fileRef = 264F6AF41DD1987600A78B76 /* LaunchScreen.storyboard */; };
		26B50AAF1DD78FD400ED3F48 /* Player.swift in Sources */ = {isa = PBXBuildFile; fileRef = 26B50AAE1DD78FD400ED3F48 /* Player.swift */; };
		26B50AB11DD791EC00ED3F48 /* Team.swift in Sources */ = {isa = PBXBuildFile; fileRef = 26B50AB01DD791EC00ED3F48 /* Team.swift */; };
		26B50AB31DD7951400ED3F48 /* LeagueMatch.swift in Sources */ = {isa = PBXBuildFile; fileRef = 26B50AB21DD7951400ED3F48 /* LeagueMatch.swift */; };
		26B50AB51DD7951F00ED3F48 /* SingleMatch.swift in Sources */ = {isa = PBXBuildFile; fileRef = 26B50AB41DD7951F00ED3F48 /* SingleMatch.swift */; };
		26B50AB71DD7952D00ED3F48 /* Frame.swift in Sources */ = {isa = PBXBuildFile; fileRef = 26B50AB61DD7952D00ED3F48 /* Frame.swift */; };
		26E748411DD7FC8C00CBD047 /* MatchSelectionViewController.swift in Sources */ = {isa = PBXBuildFile; fileRef = 26E748401DD7FC8C00CBD047 /* MatchSelectionViewController.swift */; };
		26E748431DD8005900CBD047 /* LeagueMatchInfoViewController.swift in Sources */ = {isa = PBXBuildFile; fileRef = 26E748421DD8005900CBD047 /* LeagueMatchInfoViewController.swift */; };
		26E748451DD8024000CBD047 /* LeagueMatchSummaryViewController.swift in Sources */ = {isa = PBXBuildFile; fileRef = 26E748441DD8024000CBD047 /* LeagueMatchSummaryViewController.swift */; };
		26E748471DD803F900CBD047 /* SingleMatchScoringViewController.swift in Sources */ = {isa = PBXBuildFile; fileRef = 26E748461DD803F900CBD047 /* SingleMatchScoringViewController.swift */; };
		9FCCC53BE05DEED74ADE7C6B /* Pods_PoolScorer.framework in Frameworks */ = {isa = PBXBuildFile; fileRef = F57141151C6D17F649DD52EF /* Pods_PoolScorer.framework */; };
		C00F4A001DDB0CD0008A269B /* CreateMatchViewController.swift in Sources */ = {isa = PBXBuildFile; fileRef = C00F49FF1DDB0CD0008A269B /* CreateMatchViewController.swift */; };
		C0771CDE1DD8531E005CDA8E /* MatchTableViewCell.swift in Sources */ = {isa = PBXBuildFile; fileRef = C0771CDD1DD8531E005CDA8E /* MatchTableViewCell.swift */; };
/* End PBXBuildFile section */

/* Begin PBXFileReference section */
		264F6AE81DD1987600A78B76 /* PoolScorer.app */ = {isa = PBXFileReference; explicitFileType = wrapper.application; includeInIndex = 0; path = PoolScorer.app; sourceTree = BUILT_PRODUCTS_DIR; };
		264F6AEB1DD1987600A78B76 /* AppDelegate.swift */ = {isa = PBXFileReference; lastKnownFileType = sourcecode.swift; path = AppDelegate.swift; sourceTree = "<group>"; };
		264F6AF01DD1987600A78B76 /* Base */ = {isa = PBXFileReference; lastKnownFileType = file.storyboard; name = Base; path = Base.lproj/Main.storyboard; sourceTree = "<group>"; };
		264F6AF21DD1987600A78B76 /* Assets.xcassets */ = {isa = PBXFileReference; lastKnownFileType = folder.assetcatalog; path = Assets.xcassets; sourceTree = "<group>"; };
		264F6AF51DD1987600A78B76 /* Base */ = {isa = PBXFileReference; lastKnownFileType = file.storyboard; name = Base; path = Base.lproj/LaunchScreen.storyboard; sourceTree = "<group>"; };
		264F6AF71DD1987600A78B76 /* Info.plist */ = {isa = PBXFileReference; lastKnownFileType = text.plist.xml; path = Info.plist; sourceTree = "<group>"; };
		26B50AAE1DD78FD400ED3F48 /* Player.swift */ = {isa = PBXFileReference; fileEncoding = 4; lastKnownFileType = sourcecode.swift; path = Player.swift; sourceTree = "<group>"; };
		26B50AB01DD791EC00ED3F48 /* Team.swift */ = {isa = PBXFileReference; fileEncoding = 4; lastKnownFileType = sourcecode.swift; path = Team.swift; sourceTree = "<group>"; };
		26B50AB21DD7951400ED3F48 /* LeagueMatch.swift */ = {isa = PBXFileReference; fileEncoding = 4; lastKnownFileType = sourcecode.swift; path = LeagueMatch.swift; sourceTree = "<group>"; };
		26B50AB41DD7951F00ED3F48 /* SingleMatch.swift */ = {isa = PBXFileReference; fileEncoding = 4; lastKnownFileType = sourcecode.swift; path = SingleMatch.swift; sourceTree = "<group>"; };
		26B50AB61DD7952D00ED3F48 /* Frame.swift */ = {isa = PBXFileReference; fileEncoding = 4; lastKnownFileType = sourcecode.swift; path = Frame.swift; sourceTree = "<group>"; };
		26E748401DD7FC8C00CBD047 /* MatchSelectionViewController.swift */ = {isa = PBXFileReference; fileEncoding = 4; lastKnownFileType = sourcecode.swift; path = MatchSelectionViewController.swift; sourceTree = "<group>"; };
		26E748421DD8005900CBD047 /* LeagueMatchInfoViewController.swift */ = {isa = PBXFileReference; fileEncoding = 4; lastKnownFileType = sourcecode.swift; path = LeagueMatchInfoViewController.swift; sourceTree = "<group>"; };
		26E748441DD8024000CBD047 /* LeagueMatchSummaryViewController.swift */ = {isa = PBXFileReference; fileEncoding = 4; lastKnownFileType = sourcecode.swift; path = LeagueMatchSummaryViewController.swift; sourceTree = "<group>"; };
		26E748461DD803F900CBD047 /* SingleMatchScoringViewController.swift */ = {isa = PBXFileReference; fileEncoding = 4; lastKnownFileType = sourcecode.swift; path = SingleMatchScoringViewController.swift; sourceTree = "<group>"; };
		8B3FADB7E6D8B093576274A5 /* Pods-PoolScorer.debug.xcconfig */ = {isa = PBXFileReference; includeInIndex = 1; lastKnownFileType = text.xcconfig; name = "Pods-PoolScorer.debug.xcconfig"; path = "Pods/Target Support Files/Pods-PoolScorer/Pods-PoolScorer.debug.xcconfig"; sourceTree = "<group>"; };
		A0E8AD067BA240598114296B /* Pods-PoolScorer.release.xcconfig */ = {isa = PBXFileReference; includeInIndex = 1; lastKnownFileType = text.xcconfig; name = "Pods-PoolScorer.release.xcconfig"; path = "Pods/Target Support Files/Pods-PoolScorer/Pods-PoolScorer.release.xcconfig"; sourceTree = "<group>"; };
		C00F49FF1DDB0CD0008A269B /* CreateMatchViewController.swift */ = {isa = PBXFileReference; fileEncoding = 4; lastKnownFileType = sourcecode.swift; path = CreateMatchViewController.swift; sourceTree = "<group>"; };
		C0771CDD1DD8531E005CDA8E /* MatchTableViewCell.swift */ = {isa = PBXFileReference; fileEncoding = 4; lastKnownFileType = sourcecode.swift; path = MatchTableViewCell.swift; sourceTree = "<group>"; };
		F57141151C6D17F649DD52EF /* Pods_PoolScorer.framework */ = {isa = PBXFileReference; explicitFileType = wrapper.framework; includeInIndex = 0; path = Pods_PoolScorer.framework; sourceTree = BUILT_PRODUCTS_DIR; };
/* End PBXFileReference section */

/* Begin PBXFrameworksBuildPhase section */
		264F6AE51DD1987600A78B76 /* Frameworks */ = {
			isa = PBXFrameworksBuildPhase;
			buildActionMask = 2147483647;
			files = (
				9FCCC53BE05DEED74ADE7C6B /* Pods_PoolScorer.framework in Frameworks */,
			);
			runOnlyForDeploymentPostprocessing = 0;
		};
/* End PBXFrameworksBuildPhase section */

/* Begin PBXGroup section */
		1996EFE7D28119177F0F4C88 /* Pods */ = {
			isa = PBXGroup;
			children = (
				8B3FADB7E6D8B093576274A5 /* Pods-PoolScorer.debug.xcconfig */,
				A0E8AD067BA240598114296B /* Pods-PoolScorer.release.xcconfig */,
			);
			name = Pods;
			sourceTree = "<group>";
		};
		264F6ADF1DD1987600A78B76 = {
			isa = PBXGroup;
			children = (
				264F6AEA1DD1987600A78B76 /* PoolScorer */,
				264F6AE91DD1987600A78B76 /* Products */,
				1996EFE7D28119177F0F4C88 /* Pods */,
				F344EE2FE91378121CD878D5 /* Frameworks */,
			);
			sourceTree = "<group>";
		};
		264F6AE91DD1987600A78B76 /* Products */ = {
			isa = PBXGroup;
			children = (
				264F6AE81DD1987600A78B76 /* PoolScorer.app */,
			);
			name = Products;
			sourceTree = "<group>";
		};
		264F6AEA1DD1987600A78B76 /* PoolScorer */ = {
			isa = PBXGroup;
			children = (
				26E7483F1DD7FB8400CBD047 /* Views */,
				26E7483D1DD7FB6B00CBD047 /* ViewControllers */,
				26B50AAD1DD78F3100ED3F48 /* Models */,
				264F6AEB1DD1987600A78B76 /* AppDelegate.swift */,
				264F6AEF1DD1987600A78B76 /* Main.storyboard */,
				264F6AF21DD1987600A78B76 /* Assets.xcassets */,
				264F6AF41DD1987600A78B76 /* LaunchScreen.storyboard */,
				264F6AF71DD1987600A78B76 /* Info.plist */,
			);
			path = PoolScorer;
			sourceTree = "<group>";
		};
		26B50AAD1DD78F3100ED3F48 /* Models */ = {
			isa = PBXGroup;
			children = (
				26B50AAE1DD78FD400ED3F48 /* Player.swift */,
				26B50AB01DD791EC00ED3F48 /* Team.swift */,
				26B50AB21DD7951400ED3F48 /* LeagueMatch.swift */,
				26B50AB41DD7951F00ED3F48 /* SingleMatch.swift */,
				26B50AB61DD7952D00ED3F48 /* Frame.swift */,
			);
			name = Models;
			sourceTree = "<group>";
		};
		26E7483D1DD7FB6B00CBD047 /* ViewControllers */ = {
			isa = PBXGroup;
			children = (
				26E748401DD7FC8C00CBD047 /* MatchSelectionViewController.swift */,
				26E748421DD8005900CBD047 /* LeagueMatchInfoViewController.swift */,
				26E748441DD8024000CBD047 /* LeagueMatchSummaryViewController.swift */,
				26E748461DD803F900CBD047 /* SingleMatchScoringViewController.swift */,
				C00F49FF1DDB0CD0008A269B /* CreateMatchViewController.swift */,
			);
			name = ViewControllers;
			sourceTree = "<group>";
		};
		26E7483F1DD7FB8400CBD047 /* Views */ = {
			isa = PBXGroup;
			children = (
				C0771CDD1DD8531E005CDA8E /* MatchTableViewCell.swift */,
			);
			name = Views;
			sourceTree = "<group>";
		};
		F344EE2FE91378121CD878D5 /* Frameworks */ = {
			isa = PBXGroup;
			children = (
				F57141151C6D17F649DD52EF /* Pods_PoolScorer.framework */,
			);
			name = Frameworks;
			sourceTree = "<group>";
		};
/* End PBXGroup section */

/* Begin PBXNativeTarget section */
		264F6AE71DD1987600A78B76 /* PoolScorer */ = {
			isa = PBXNativeTarget;
			buildConfigurationList = 264F6AFA1DD1987600A78B76 /* Build configuration list for PBXNativeTarget "PoolScorer" */;
			buildPhases = (
				0EEF5D8C4ECAA543F5C4AF8E /* [CP] Check Pods Manifest.lock */,
				264F6AE41DD1987600A78B76 /* Sources */,
				264F6AE51DD1987600A78B76 /* Frameworks */,
				264F6AE61DD1987600A78B76 /* Resources */,
				392A0B973E11D7B05895F621 /* [CP] Embed Pods Frameworks */,
				4613FB376CEA4BB010BA30C8 /* [CP] Copy Pods Resources */,
			);
			buildRules = (
			);
			dependencies = (
			);
			name = PoolScorer;
			productName = PoolScorer;
			productReference = 264F6AE81DD1987600A78B76 /* PoolScorer.app */;
			productType = "com.apple.product-type.application";
		};
/* End PBXNativeTarget section */

/* Begin PBXProject section */
		264F6AE01DD1987600A78B76 /* Project object */ = {
			isa = PBXProject;
			attributes = {
				LastSwiftUpdateCheck = 0800;
				LastUpgradeCheck = 0800;
				ORGANIZATIONNAME = PoolDoctor;
				TargetAttributes = {
					264F6AE71DD1987600A78B76 = {
						CreatedOnToolsVersion = 8.0;
						ProvisioningStyle = Automatic;
					};
				};
			};
			buildConfigurationList = 264F6AE31DD1987600A78B76 /* Build configuration list for PBXProject "PoolScorer" */;
			compatibilityVersion = "Xcode 3.2";
			developmentRegion = English;
			hasScannedForEncodings = 0;
			knownRegions = (
				en,
				Base,
			);
			mainGroup = 264F6ADF1DD1987600A78B76;
			productRefGroup = 264F6AE91DD1987600A78B76 /* Products */;
			projectDirPath = "";
			projectRoot = "";
			targets = (
				264F6AE71DD1987600A78B76 /* PoolScorer */,
			);
		};
/* End PBXProject section */

/* Begin PBXResourcesBuildPhase section */
		264F6AE61DD1987600A78B76 /* Resources */ = {
			isa = PBXResourcesBuildPhase;
			buildActionMask = 2147483647;
			files = (
				264F6AF61DD1987600A78B76 /* LaunchScreen.storyboard in Resources */,
				264F6AF31DD1987600A78B76 /* Assets.xcassets in Resources */,
				264F6AF11DD1987600A78B76 /* Main.storyboard in Resources */,
			);
			runOnlyForDeploymentPostprocessing = 0;
		};
/* End PBXResourcesBuildPhase section */

/* Begin PBXShellScriptBuildPhase section */
		0EEF5D8C4ECAA543F5C4AF8E /* [CP] Check Pods Manifest.lock */ = {
			isa = PBXShellScriptBuildPhase;
			buildActionMask = 2147483647;
			files = (
			);
			inputPaths = (
			);
			name = "[CP] Check Pods Manifest.lock";
			outputPaths = (
			);
			runOnlyForDeploymentPostprocessing = 0;
			shellPath = /bin/sh;
			shellScript = "diff \"${PODS_ROOT}/../Podfile.lock\" \"${PODS_ROOT}/Manifest.lock\" > /dev/null\nif [[ $? != 0 ]] ; then\n    cat << EOM\nerror: The sandbox is not in sync with the Podfile.lock. Run 'pod install' or update your CocoaPods installation.\nEOM\n    exit 1\nfi\n";
			showEnvVarsInLog = 0;
		};
		392A0B973E11D7B05895F621 /* [CP] Embed Pods Frameworks */ = {
			isa = PBXShellScriptBuildPhase;
			buildActionMask = 2147483647;
			files = (
			);
			inputPaths = (
			);
			name = "[CP] Embed Pods Frameworks";
			outputPaths = (
			);
			runOnlyForDeploymentPostprocessing = 0;
			shellPath = /bin/sh;
			shellScript = "\"${SRCROOT}/Pods/Target Support Files/Pods-PoolScorer/Pods-PoolScorer-frameworks.sh\"\n";
			showEnvVarsInLog = 0;
		};
		4613FB376CEA4BB010BA30C8 /* [CP] Copy Pods Resources */ = {
			isa = PBXShellScriptBuildPhase;
			buildActionMask = 2147483647;
			files = (
			);
			inputPaths = (
			);
			name = "[CP] Copy Pods Resources";
			outputPaths = (
			);
			runOnlyForDeploymentPostprocessing = 0;
			shellPath = /bin/sh;
			shellScript = "\"${SRCROOT}/Pods/Target Support Files/Pods-PoolScorer/Pods-PoolScorer-resources.sh\"\n";
			showEnvVarsInLog = 0;
		};
/* End PBXShellScriptBuildPhase section */

/* Begin PBXSourcesBuildPhase section */
		264F6AE41DD1987600A78B76 /* Sources */ = {
			isa = PBXSourcesBuildPhase;
			buildActionMask = 2147483647;
			files = (
				C0771CDE1DD8531E005CDA8E /* MatchTableViewCell.swift in Sources */,
				26E748451DD8024000CBD047 /* LeagueMatchSummaryViewController.swift in Sources */,
				C00F4A001DDB0CD0008A269B /* CreateMatchViewController.swift in Sources */,
				26B50AB11DD791EC00ED3F48 /* Team.swift in Sources */,
				26E748431DD8005900CBD047 /* LeagueMatchInfoViewController.swift in Sources */,
				26B50AB31DD7951400ED3F48 /* LeagueMatch.swift in Sources */,
				26E748471DD803F900CBD047 /* SingleMatchScoringViewController.swift in Sources */,
				26E748411DD7FC8C00CBD047 /* MatchSelectionViewController.swift in Sources */,
				26B50AAF1DD78FD400ED3F48 /* Player.swift in Sources */,
				26B50AB71DD7952D00ED3F48 /* Frame.swift in Sources */,
				264F6AEC1DD1987600A78B76 /* AppDelegate.swift in Sources */,
				26B50AB51DD7951F00ED3F48 /* SingleMatch.swift in Sources */,
			);
			runOnlyForDeploymentPostprocessing = 0;
		};
/* End PBXSourcesBuildPhase section */

/* Begin PBXVariantGroup section */
		264F6AEF1DD1987600A78B76 /* Main.storyboard */ = {
			isa = PBXVariantGroup;
			children = (
				264F6AF01DD1987600A78B76 /* Base */,
			);
			name = Main.storyboard;
			sourceTree = "<group>";
		};
		264F6AF41DD1987600A78B76 /* LaunchScreen.storyboard */ = {
			isa = PBXVariantGroup;
			children = (
				264F6AF51DD1987600A78B76 /* Base */,
			);
			name = LaunchScreen.storyboard;
			sourceTree = "<group>";
		};
/* End PBXVariantGroup section */

/* Begin XCBuildConfiguration section */
		264F6AF81DD1987600A78B76 /* Debug */ = {
			isa = XCBuildConfiguration;
			buildSettings = {
				ALWAYS_SEARCH_USER_PATHS = NO;
				CLANG_ANALYZER_NONNULL = YES;
				CLANG_CXX_LANGUAGE_STANDARD = "gnu++0x";
				CLANG_CXX_LIBRARY = "libc++";
				CLANG_ENABLE_MODULES = YES;
				CLANG_ENABLE_OBJC_ARC = YES;
				CLANG_WARN_BOOL_CONVERSION = YES;
				CLANG_WARN_CONSTANT_CONVERSION = YES;
				CLANG_WARN_DIRECT_OBJC_ISA_USAGE = YES_ERROR;
				CLANG_WARN_DOCUMENTATION_COMMENTS = YES;
				CLANG_WARN_EMPTY_BODY = YES;
				CLANG_WARN_ENUM_CONVERSION = YES;
				CLANG_WARN_INFINITE_RECURSION = YES;
				CLANG_WARN_INT_CONVERSION = YES;
				CLANG_WARN_OBJC_ROOT_CLASS = YES_ERROR;
				CLANG_WARN_SUSPICIOUS_MOVES = YES;
				CLANG_WARN_UNREACHABLE_CODE = YES;
				CLANG_WARN__DUPLICATE_METHOD_MATCH = YES;
				"CODE_SIGN_IDENTITY[sdk=iphoneos*]" = "iPhone Developer";
				COPY_PHASE_STRIP = NO;
				DEBUG_INFORMATION_FORMAT = dwarf;
				ENABLE_STRICT_OBJC_MSGSEND = YES;
				ENABLE_TESTABILITY = YES;
				GCC_C_LANGUAGE_STANDARD = gnu99;
				GCC_DYNAMIC_NO_PIC = NO;
				GCC_NO_COMMON_BLOCKS = YES;
				GCC_OPTIMIZATION_LEVEL = 0;
				GCC_PREPROCESSOR_DEFINITIONS = (
					"DEBUG=1",
					"$(inherited)",
				);
				GCC_WARN_64_TO_32_BIT_CONVERSION = YES;
				GCC_WARN_ABOUT_RETURN_TYPE = YES_ERROR;
				GCC_WARN_UNDECLARED_SELECTOR = YES;
				GCC_WARN_UNINITIALIZED_AUTOS = YES_AGGRESSIVE;
				GCC_WARN_UNUSED_FUNCTION = YES;
				GCC_WARN_UNUSED_VARIABLE = YES;
				IPHONEOS_DEPLOYMENT_TARGET = 10.0;
				MTL_ENABLE_DEBUG_INFO = YES;
				ONLY_ACTIVE_ARCH = YES;
				SDKROOT = iphoneos;
				SWIFT_ACTIVE_COMPILATION_CONDITIONS = DEBUG;
				SWIFT_OPTIMIZATION_LEVEL = "-Onone";
			};
			name = Debug;
		};
		264F6AF91DD1987600A78B76 /* Release */ = {
			isa = XCBuildConfiguration;
			buildSettings = {
				ALWAYS_SEARCH_USER_PATHS = NO;
				CLANG_ANALYZER_NONNULL = YES;
				CLANG_CXX_LANGUAGE_STANDARD = "gnu++0x";
				CLANG_CXX_LIBRARY = "libc++";
				CLANG_ENABLE_MODULES = YES;
				CLANG_ENABLE_OBJC_ARC = YES;
				CLANG_WARN_BOOL_CONVERSION = YES;
				CLANG_WARN_CONSTANT_CONVERSION = YES;
				CLANG_WARN_DIRECT_OBJC_ISA_USAGE = YES_ERROR;
				CLANG_WARN_DOCUMENTATION_COMMENTS = YES;
				CLANG_WARN_EMPTY_BODY = YES;
				CLANG_WARN_ENUM_CONVERSION = YES;
				CLANG_WARN_INFINITE_RECURSION = YES;
				CLANG_WARN_INT_CONVERSION = YES;
				CLANG_WARN_OBJC_ROOT_CLASS = YES_ERROR;
				CLANG_WARN_SUSPICIOUS_MOVES = YES;
				CLANG_WARN_UNREACHABLE_CODE = YES;
				CLANG_WARN__DUPLICATE_METHOD_MATCH = YES;
				"CODE_SIGN_IDENTITY[sdk=iphoneos*]" = "iPhone Developer";
				COPY_PHASE_STRIP = NO;
				DEBUG_INFORMATION_FORMAT = "dwarf-with-dsym";
				ENABLE_NS_ASSERTIONS = NO;
				ENABLE_STRICT_OBJC_MSGSEND = YES;
				GCC_C_LANGUAGE_STANDARD = gnu99;
				GCC_NO_COMMON_BLOCKS = YES;
				GCC_WARN_64_TO_32_BIT_CONVERSION = YES;
				GCC_WARN_ABOUT_RETURN_TYPE = YES_ERROR;
				GCC_WARN_UNDECLARED_SELECTOR = YES;
				GCC_WARN_UNINITIALIZED_AUTOS = YES_AGGRESSIVE;
				GCC_WARN_UNUSED_FUNCTION = YES;
				GCC_WARN_UNUSED_VARIABLE = YES;
				IPHONEOS_DEPLOYMENT_TARGET = 10.0;
				MTL_ENABLE_DEBUG_INFO = NO;
				SDKROOT = iphoneos;
				SWIFT_OPTIMIZATION_LEVEL = "-Owholemodule";
				VALIDATE_PRODUCT = YES;
			};
			name = Release;
		};
		264F6AFB1DD1987600A78B76 /* Debug */ = {
			isa = XCBuildConfiguration;
			baseConfigurationReference = 8B3FADB7E6D8B093576274A5 /* Pods-PoolScorer.debug.xcconfig */;
			buildSettings = {
				ASSETCATALOG_COMPILER_APPICON_NAME = AppIcon;
				INFOPLIST_FILE = PoolScorer/Info.plist;
				LD_RUNPATH_SEARCH_PATHS = "$(inherited) @executable_path/Frameworks";
				PRODUCT_BUNDLE_IDENTIFIER = trunk.PoolScorer;
				PRODUCT_NAME = "$(TARGET_NAME)";
				SWIFT_VERSION = 3.0;
			};
			name = Debug;
		};
		264F6AFC1DD1987600A78B76 /* Release */ = {
			isa = XCBuildConfiguration;
			baseConfigurationReference = A0E8AD067BA240598114296B /* Pods-PoolScorer.release.xcconfig */;
			buildSettings = {
				ASSETCATALOG_COMPILER_APPICON_NAME = AppIcon;
				INFOPLIST_FILE = PoolScorer/Info.plist;
				LD_RUNPATH_SEARCH_PATHS = "$(inherited) @executable_path/Frameworks";
				PRODUCT_BUNDLE_IDENTIFIER = trunk.PoolScorer;
				PRODUCT_NAME = "$(TARGET_NAME)";
				SWIFT_VERSION = 3.0;
			};
			name = Release;
		};
/* End XCBuildConfiguration section */

/* Begin XCConfigurationList section */
		264F6AE31DD1987600A78B76 /* Build configuration list for PBXProject "PoolScorer" */ = {
			isa = XCConfigurationList;
			buildConfigurations = (
				264F6AF81DD1987600A78B76 /* Debug */,
				264F6AF91DD1987600A78B76 /* Release */,
			);
			defaultConfigurationIsVisible = 0;
			defaultConfigurationName = Release;
		};
		264F6AFA1DD1987600A78B76 /* Build configuration list for PBXNativeTarget "PoolScorer" */ = {
			isa = XCConfigurationList;
			buildConfigurations = (
				264F6AFB1DD1987600A78B76 /* Debug */,
				264F6AFC1DD1987600A78B76 /* Release */,
			);
			defaultConfigurationIsVisible = 0;
			defaultConfigurationName = Release;
		};
/* End XCConfigurationList section */
	};
	rootObject = 264F6AE01DD1987600A78B76 /* Project object */;
}
